github.com/ryancaille/trie v1.0.0 h1:5C2NCTuDzUVs9kgVMaou1U45yimWMy144i1ohnA+3Wg=
github.com/ryancaille/trie v1.0.0/go.mod h1:B0LOyu2xbJninked7p2gqrYZcPwHJjvd2Yc2DVOHBXo=
github.com/ryancaille/trie v1.0.1 h1:r4h5SUXN65X94Mc4KVqYiRPsT2Y2Cm0HC3afovlYLvs=
github.com/ryancaille/trie v1.0.1/go.mod h1:B0LOyu2xbJninked7p2gqrYZcPwHJjvd2Yc2DVOHBXo=
